
Microsoft Visual Studio Solution File, Format Version 12.00
# Visual Studio Version 16
VisualStudioVersion = 16.0.30804.86
MinimumVisualStudioVersion = 10.0.40219.1
Project("{FAE04EC0-301F-11D3-BF4B-00C04F79EFBC}") = "Tommy.Serializer", "Tommy.Serializer\Tommy.Serializer.csproj", "{F3107DBB-2A1D-4271-B75E-278631023FA9}"
EndProject
Project("{FAE04EC0-301F-11D3-BF4B-00C04F79EFBC}") = "Tommy.Serializer.Demo", "Tommy.Serializer.Demo\Tommy.Serializer.Demo.csproj", "{552DE554-7561-4BCC-B8CD-631ECEF603E6}"
EndProject
Project("{FAE04EC0-301F-11D3-BF4B-00C04F79EFBC}") = "Tommy.Serializer.Tests", "Tommy.Serializer.Tests\Tommy.Serializer.Tests.csproj", "{0CC7B663-90BE-438B-AC2A-D2B4EE85D97F}"
EndProject
Global
	GlobalSection(SolutionConfigurationPlatforms) = preSolution
		Debug|Any CPU = Debug|Any CPU
		Release|Any CPU = Release|Any CPU
	EndGlobalSection
	GlobalSection(ProjectConfigurationPlatforms) = postSolution
		{F3107DBB-2A1D-4271-B75E-278631023FA9}.Debug|Any CPU.ActiveCfg = Debug|Any CPU
		{F3107DBB-2A1D-4271-B75E-278631023FA9}.Debug|Any CPU.Build.0 = Debug|Any CPU
		{F3107DBB-2A1D-4271-B75E-278631023FA9}.Release|Any CPU.ActiveCfg = Release|Any CPU
		{F3107DBB-2A1D-4271-B75E-278631023FA9}.Release|Any CPU.Build.0 = Release|Any CPU
		{552DE554-7561-4BCC-B8CD-631ECEF603E6}.Debug|Any CPU.ActiveCfg = Debug|Any CPU
		{552DE554-7561-4BCC-B8CD-631ECEF603E6}.Debug|Any CPU.Build.0 = Debug|Any CPU
		{552DE554-7561-4BCC-B8CD-631ECEF603E6}.Release|Any CPU.ActiveCfg = Release|Any CPU
		{552DE554-7561-4BCC-B8CD-631ECEF603E6}.Release|Any CPU.Build.0 = Release|Any CPU
		{0CC7B663-90BE-438B-AC2A-D2B4EE85D97F}.Debug|Any CPU.ActiveCfg = Debug|Any CPU
		{0CC7B663-90BE-438B-AC2A-D2B4EE85D97F}.Debug|Any CPU.Build.0 = Debug|Any CPU
		{0CC7B663-90BE-438B-AC2A-D2B4EE85D97F}.Release|Any CPU.ActiveCfg = Release|Any CPU
		{0CC7B663-90BE-438B-AC2A-D2B4EE85D97F}.Release|Any CPU.Build.0 = Release|Any CPU
	EndGlobalSection
	GlobalSection(SolutionProperties) = preSolution
		HideSolutionNode = FALSE
	EndGlobalSection
	GlobalSection(ExtensibilityGlobals) = postSolution
		SolutionGuid = {90E8FE10-25E5-448F-B786-65FADE64A17C}
	EndGlobalSection
EndGlobal
