
Microsoft Visual Studio Solution File, Format Version 12.00
Project("{FAE04EC0-301F-11D3-BF4B-00C04F79EFBC}") = "Tommy.Serializer", "Tommy.Serializer\Tommy.Serializer.csproj", "{B1C2720B-5C57-4B3C-83AF-17D496863659}"
EndProject
Project("{FAE04EC0-301F-11D3-BF4B-00C04F79EFBC}") = "Tommy.Serializer.Demo", "Tommy.Serializer.Demo\Tommy.Serializer.Demo.csproj", "{29EE5896-5DF5-4693-A51E-23CFB9D4B0AF}"
EndProject
Global
	GlobalSection(SolutionConfigurationPlatforms) = preSolution
		Debug|Any CPU = Debug|Any CPU
		Release|Any CPU = Release|Any CPU
	EndGlobalSection
	GlobalSection(ProjectConfigurationPlatforms) = postSolution
		{B1C2720B-5C57-4B3C-83AF-17D496863659}.Debug|Any CPU.ActiveCfg = Debug|Any CPU
		{B1C2720B-5C57-4B3C-83AF-17D496863659}.Debug|Any CPU.Build.0 = Debug|Any CPU
		{B1C2720B-5C57-4B3C-83AF-17D496863659}.Release|Any CPU.ActiveCfg = Release|Any CPU
		{B1C2720B-5C57-4B3C-83AF-17D496863659}.Release|Any CPU.Build.0 = Release|Any CPU
		{29EE5896-5DF5-4693-A51E-23CFB9D4B0AF}.Debug|Any CPU.ActiveCfg = Debug|Any CPU
		{29EE5896-5DF5-4693-A51E-23CFB9D4B0AF}.Debug|Any CPU.Build.0 = Debug|Any CPU
		{29EE5896-5DF5-4693-A51E-23CFB9D4B0AF}.Release|Any CPU.ActiveCfg = Release|Any CPU
		{29EE5896-5DF5-4693-A51E-23CFB9D4B0AF}.Release|Any CPU.Build.0 = Release|Any CPU
	EndGlobalSection
EndGlobal
