
Microsoft Visual Studio Solution File, Format Version 12.00
Project("{FAE04EC0-301F-11D3-BF4B-00C04F79EFBC}") = "TommyExtensions", "TommyExtensions\TommyExtensions.csproj", "{36F88247-EE80-4C9C-8644-3219E18B82CF}"
EndProject
Project("{FAE04EC0-301F-11D3-BF4B-00C04F79EFBC}") = "TommyExtensions.Demo", "TommyExtensions.Demo\TommyExtensions.Demo.csproj", "{EA7D952E-9A1F-418D-A9C0-DA4804492315}"
EndProject
Global
	GlobalSection(SolutionConfigurationPlatforms) = preSolution
		Debug|Any CPU = Debug|Any CPU
		Release|Any CPU = Release|Any CPU
	EndGlobalSection
	GlobalSection(ProjectConfigurationPlatforms) = postSolution
		{36F88247-EE80-4C9C-8644-3219E18B82CF}.Debug|Any CPU.ActiveCfg = Debug|Any CPU
		{36F88247-EE80-4C9C-8644-3219E18B82CF}.Debug|Any CPU.Build.0 = Debug|Any CPU
		{36F88247-EE80-4C9C-8644-3219E18B82CF}.Release|Any CPU.ActiveCfg = Release|Any CPU
		{36F88247-EE80-4C9C-8644-3219E18B82CF}.Release|Any CPU.Build.0 = Release|Any CPU
		{EA7D952E-9A1F-418D-A9C0-DA4804492315}.Debug|Any CPU.ActiveCfg = Debug|Any CPU
		{EA7D952E-9A1F-418D-A9C0-DA4804492315}.Debug|Any CPU.Build.0 = Debug|Any CPU
		{EA7D952E-9A1F-418D-A9C0-DA4804492315}.Release|Any CPU.ActiveCfg = Release|Any CPU
		{EA7D952E-9A1F-418D-A9C0-DA4804492315}.Release|Any CPU.Build.0 = Release|Any CPU
	EndGlobalSection
EndGlobal
